{
  "name": "25",
  "version": "1.0.0",
  "lockfileVersion": 1,
  "requires": true,
  "dependencies": {
    "jsonrpc-server-http-nats": {
      "version": "0.1.14",
      "resolved": "https://registry.npmjs.org/jsonrpc-server-http-nats/-/jsonrpc-server-http-nats-0.1.14.tgz",
      "integrity": "sha512-6ymU1AxYfSHigcOBtv2VtWHbjB5+0cYJyfeLGRc5lFBZg6TrHdw66O/ZRQV+UFH6lE1jrTl4pUQuTtaP7S4v/A==",
      "requires": {
        "nats": "^0.8.10"
      }
    },
    "nats": {
      "version": "0.8.10",
      "resolved": "https://registry.npmjs.org/nats/-/nats-0.8.10.tgz",
      "integrity": "sha512-0aCDCjDbSzmesiHfMG5WEMDurip1mMOdJ2zDTztuKp0RizDcu4u82azvr7NPJvqx9NmBxF1wAlacuHZlMcCRHQ==",
      "requires": {
        "nuid": "^0.6.14"
      }
    },
    "nuid": {
      "version": "0.6.14",
      "resolved": "https://registry.npmjs.org/nuid/-/nuid-0.6.14.tgz",
      "integrity": "sha1-oiXItyDkbFY62NE2QTaGafbCW0g="
    }
  }
}
